// !$*UTF8*$!
{
	archiveVersion = 1;
	classes = {
	};
	objectVersion = 50;
	objects = {

/* Begin PBXBuildFile section */
		5246121326372CE200481DE3 /* fetchASeatApp.swift in Sources */ = {isa = PBXBuildFile; fileRef = 5246121226372CE200481DE3 /* fetchASeatApp.swift */; };
		5246121526372CE200481DE3 /* ContentView.swift in Sources */ = {isa = PBXBuildFile; fileRef = 5246121426372CE200481DE3 /* ContentView.swift */; };
		5246121726372CE200481DE3 /* Assets.xcassets in Resources */ = {isa = PBXBuildFile; fileRef = 5246121626372CE200481DE3 /* Assets.xcassets */; };
		5246121A26372CE200481DE3 /* Preview Assets.xcassets in Resources */ = {isa = PBXBuildFile; fileRef = 5246121926372CE200481DE3 /* Preview Assets.xcassets */; };
		5246122526372CE300481DE3 /* fetchASeatTests.swift in Sources */ = {isa = PBXBuildFile; fileRef = 5246122426372CE300481DE3 /* fetchASeatTests.swift */; };
		5246123026372CE300481DE3 /* fetchASeatUITests.swift in Sources */ = {isa = PBXBuildFile; fileRef = 5246122F26372CE300481DE3 /* fetchASeatUITests.swift */; };
/* End PBXBuildFile section */

/* Begin PBXContainerItemProxy section */
		5246122126372CE200481DE3 /* PBXContainerItemProxy */ = {
			isa = PBXContainerItemProxy;
			containerPortal = 5246120726372CE200481DE3 /* Project object */;
			proxyType = 1;
			remoteGlobalIDString = 5246120E26372CE200481DE3;
			remoteInfo = fetchASeat;
		};
		5246122C26372CE300481DE3 /* PBXContainerItemProxy */ = {
			isa = PBXContainerItemProxy;
			containerPortal = 5246120726372CE200481DE3 /* Project object */;
			proxyType = 1;
			remoteGlobalIDString = 5246120E26372CE200481DE3;
			remoteInfo = fetchASeat;
		};
/* End PBXContainerItemProxy section */

/* Begin PBXFileReference section */
		5246120F26372CE200481DE3 /* fetchASeat.app */ = {isa = PBXFileReference; explicitFileType = wrapper.application; includeInIndex = 0; path = fetchASeat.app; sourceTree = BUILT_PRODUCTS_DIR; };
		5246121226372CE200481DE3 /* fetchASeatApp.swift */ = {isa = PBXFileReference; lastKnownFileType = sourcecode.swift; path = fetchASeatApp.swift; sourceTree = "<group>"; };
		5246121426372CE200481DE3 /* ContentView.swift */ = {isa = PBXFileReference; lastKnownFileType = sourcecode.swift; path = ContentView.swift; sourceTree = "<group>"; };
		5246121626372CE200481DE3 /* Assets.xcassets */ = {isa = PBXFileReference; lastKnownFileType = folder.assetcatalog; path = Assets.xcassets; sourceTree = "<group>"; };
		5246121926372CE200481DE3 /* Preview Assets.xcassets */ = {isa = PBXFileReference; lastKnownFileType = folder.assetcatalog; path = "Preview Assets.xcassets"; sourceTree = "<group>"; };
		5246121B26372CE200481DE3 /* Info.plist */ = {isa = PBXFileReference; lastKnownFileType = text.plist.xml; path = Info.plist; sourceTree = "<group>"; };
		5246122026372CE200481DE3 /* fetchASeatTests.xctest */ = {isa = PBXFileReference; explicitFileType = wrapper.cfbundle; includeInIndex = 0; path = fetchASeatTests.xctest; sourceTree = BUILT_PRODUCTS_DIR; };
		5246122426372CE300481DE3 /* fetchASeatTests.swift */ = {isa = PBXFileReference; lastKnownFileType = sourcecode.swift; path = fetchASeatTests.swift; sourceTree = "<group>"; };
		5246122626372CE300481DE3 /* Info.plist */ = {isa = PBXFileReference; lastKnownFileType = text.plist.xml; path = Info.plist; sourceTree = "<group>"; };
		5246122B26372CE300481DE3 /* fetchASeatUITests.xctest */ = {isa = PBXFileReference; explicitFileType = wrapper.cfbundle; includeInIndex = 0; path = fetchASeatUITests.xctest; sourceTree = BUILT_PRODUCTS_DIR; };
		5246122F26372CE300481DE3 /* fetchASeatUITests.swift */ = {isa = PBXFileReference; lastKnownFileType = sourcecode.swift; path = fetchASeatUITests.swift; sourceTree = "<group>"; };
		5246123126372CE300481DE3 /* Info.plist */ = {isa = PBXFileReference; lastKnownFileType = text.plist.xml; path = Info.plist; sourceTree = "<group>"; };
/* End PBXFileReference section */

/* Begin PBXFrameworksBuildPhase section */
		5246120C26372CE200481DE3 /* Frameworks */ = {
			isa = PBXFrameworksBuildPhase;
			buildActionMask = 2147483647;
			files = (
			);
			runOnlyForDeploymentPostprocessing = 0;
		};
		5246121D26372CE200481DE3 /* Frameworks */ = {
			isa = PBXFrameworksBuildPhase;
			buildActionMask = 2147483647;
			files = (
			);
			runOnlyForDeploymentPostprocessing = 0;
		};
		5246122826372CE300481DE3 /* Frameworks */ = {
			isa = PBXFrameworksBuildPhase;
			buildActionMask = 2147483647;
			files = (
			);
			runOnlyForDeploymentPostprocessing = 0;
		};
/* End PBXFrameworksBuildPhase section */

/* Begin PBXGroup section */
		5246120626372CE200481DE3 = {
			isa = PBXGroup;
			children = (
				5246121126372CE200481DE3 /* fetchASeat */,
				5246122326372CE300481DE3 /* fetchASeatTests */,
				5246122E26372CE300481DE3 /* fetchASeatUITests */,
				5246121026372CE200481DE3 /* Products */,
			);
			sourceTree = "<group>";
		};
		5246121026372CE200481DE3 /* Products */ = {
			isa = PBXGroup;
			children = (
				5246120F26372CE200481DE3 /* fetchASeat.app */,
				5246122026372CE200481DE3 /* fetchASeatTests.xctest */,
				5246122B26372CE300481DE3 /* fetchASeatUITests.xctest */,
			);
			name = Products;
			sourceTree = "<group>";
		};
		5246121126372CE200481DE3 /* fetchASeat */ = {
			isa = PBXGroup;
			children = (
				5246121226372CE200481DE3 /* fetchASeatApp.swift */,
				5246121426372CE200481DE3 /* ContentView.swift */,
				5246121626372CE200481DE3 /* Assets.xcassets */,
				5246121B26372CE200481DE3 /* Info.plist */,
				5246121826372CE200481DE3 /* Preview Content */,
			);
			path = fetchASeat;
			sourceTree = "<group>";
		};
		5246121826372CE200481DE3 /* Preview Content */ = {
			isa = PBXGroup;
			children = (
				5246121926372CE200481DE3 /* Preview Assets.xcassets */,
			);
			path = "Preview Content";
			sourceTree = "<group>";
		};
		5246122326372CE300481DE3 /* fetchASeatTests */ = {
			isa = PBXGroup;
			children = (
				5246122426372CE300481DE3 /* fetchASeatTests.swift */,
				5246122626372CE300481DE3 /* Info.plist */,
			);
			path = fetchASeatTests;
			sourceTree = "<group>";
		};
		5246122E26372CE300481DE3 /* fetchASeatUITests */ = {
			isa = PBXGroup;
			children = (
				5246122F26372CE300481DE3 /* fetchASeatUITests.swift */,
				5246123126372CE300481DE3 /* Info.plist */,
			);
			path = fetchASeatUITests;
			sourceTree = "<group>";
		};
/* End PBXGroup section */

/* Begin PBXNativeTarget section */
		5246120E26372CE200481DE3 /* fetchASeat */ = {
			isa = PBXNativeTarget;
			buildConfigurationList = 5246123426372CE300481DE3 /* Build configuration list for PBXNativeTarget "fetchASeat" */;
			buildPhases = (
				5246120B26372CE200481DE3 /* Sources */,
				5246120C26372CE200481DE3 /* Frameworks */,
				5246120D26372CE200481DE3 /* Resources */,
			);
			buildRules = (
			);
			dependencies = (
			);
			name = fetchASeat;
			productName = fetchASeat;
			productReference = 5246120F26372CE200481DE3 /* fetchASeat.app */;
			productType = "com.apple.product-type.application";
		};
		5246121F26372CE200481DE3 /* fetchASeatTests */ = {
			isa = PBXNativeTarget;
			buildConfigurationList = 5246123726372CE300481DE3 /* Build configuration list for PBXNativeTarget "fetchASeatTests" */;
			buildPhases = (
				5246121C26372CE200481DE3 /* Sources */,
				5246121D26372CE200481DE3 /* Frameworks */,
				5246121E26372CE200481DE3 /* Resources */,
			);
			buildRules = (
			);
			dependencies = (
				5246122226372CE200481DE3 /* PBXTargetDependency */,
			);
			name = fetchASeatTests;
			productName = fetchASeatTests;
			productReference = 5246122026372CE200481DE3 /* fetchASeatTests.xctest */;
			productType = "com.apple.product-type.bundle.unit-test";
		};
		5246122A26372CE300481DE3 /* fetchASeatUITests */ = {
			isa = PBXNativeTarget;
			buildConfigurationList = 5246123A26372CE300481DE3 /* Build configuration list for PBXNativeTarget "fetchASeatUITests" */;
			buildPhases = (
				5246122726372CE300481DE3 /* Sources */,
				5246122826372CE300481DE3 /* Frameworks */,
				5246122926372CE300481DE3 /* Resources */,
			);
			buildRules = (
			);
			dependencies = (
				5246122D26372CE300481DE3 /* PBXTargetDependency */,
			);
			name = fetchASeatUITests;
			productName = fetchASeatUITests;
			productReference = 5246122B26372CE300481DE3 /* fetchASeatUITests.xctest */;
			productType = "com.apple.product-type.bundle.ui-testing";
		};
/* End PBXNativeTarget section */

/* Begin PBXProject section */
		5246120726372CE200481DE3 /* Project object */ = {
			isa = PBXProject;
			attributes = {
				LastSwiftUpdateCheck = 1240;
				LastUpgradeCheck = 1240;
				TargetAttributes = {
					5246120E26372CE200481DE3 = {
						CreatedOnToolsVersion = 12.4;
					};
					5246121F26372CE200481DE3 = {
						CreatedOnToolsVersion = 12.4;
						TestTargetID = 5246120E26372CE200481DE3;
					};
					5246122A26372CE300481DE3 = {
						CreatedOnToolsVersion = 12.4;
						TestTargetID = 5246120E26372CE200481DE3;
					};
				};
			};
			buildConfigurationList = 5246120A26372CE200481DE3 /* Build configuration list for PBXProject "fetchASeat" */;
			compatibilityVersion = "Xcode 9.3";
			developmentRegion = en;
			hasScannedForEncodings = 0;
			knownRegions = (
				en,
				Base,
			);
			mainGroup = 5246120626372CE200481DE3;
			productRefGroup = 5246121026372CE200481DE3 /* Products */;
			projectDirPath = "";
			projectRoot = "";
			targets = (
				5246120E26372CE200481DE3 /* fetchASeat */,
				5246121F26372CE200481DE3 /* fetchASeatTests */,
				5246122A26372CE300481DE3 /* fetchASeatUITests */,
			);
		};
/* End PBXProject section */

/* Begin PBXResourcesBuildPhase section */
		5246120D26372CE200481DE3 /* Resources */ = {
			isa = PBXResourcesBuildPhase;
			buildActionMask = 2147483647;
			files = (
				5246121A26372CE200481DE3 /* Preview Assets.xcassets in Resources */,
				5246121726372CE200481DE3 /* Assets.xcassets in Resources */,
			);
			runOnlyForDeploymentPostprocessing = 0;
		};
		5246121E26372CE200481DE3 /* Resources */ = {
			isa = PBXResourcesBuildPhase;
			buildActionMask = 2147483647;
			files = (
			);
			runOnlyForDeploymentPostprocessing = 0;
		};
		5246122926372CE300481DE3 /* Resources */ = {
			isa = PBXResourcesBuildPhase;
			buildActionMask = 2147483647;
			files = (
			);
			runOnlyForDeploymentPostprocessing = 0;
		};
/* End PBXResourcesBuildPhase section */

/* Begin PBXSourcesBuildPhase section */
		5246120B26372CE200481DE3 /* Sources */ = {
			isa = PBXSourcesBuildPhase;
			buildActionMask = 2147483647;
			files = (
				5246121526372CE200481DE3 /* ContentView.swift in Sources */,
				5246121326372CE200481DE3 /* fetchASeatApp.swift in Sources */,
			);
			runOnlyForDeploymentPostprocessing = 0;
		};
		5246121C26372CE200481DE3 /* Sources */ = {
			isa = PBXSourcesBuildPhase;
			buildActionMask = 2147483647;
			files = (
				5246122526372CE300481DE3 /* fetchASeatTests.swift in Sources */,
			);
			runOnlyForDeploymentPostprocessing = 0;
		};
		5246122726372CE300481DE3 /* Sources */ = {
			isa = PBXSourcesBuildPhase;
			buildActionMask = 2147483647;
			files = (
				5246123026372CE300481DE3 /* fetchASeatUITests.swift in Sources */,
			);
			runOnlyForDeploymentPostprocessing = 0;
		};
/* End PBXSourcesBuildPhase section */

/* Begin PBXTargetDependency section */
		5246122226372CE200481DE3 /* PBXTargetDependency */ = {
			isa = PBXTargetDependency;
			target = 5246120E26372CE200481DE3 /* fetchASeat */;
			targetProxy = 5246122126372CE200481DE3 /* PBXContainerItemProxy */;
		};
		5246122D26372CE300481DE3 /* PBXTargetDependency */ = {
			isa = PBXTargetDependency;
			target = 5246120E26372CE200481DE3 /* fetchASeat */;
			targetProxy = 5246122C26372CE300481DE3 /* PBXContainerItemProxy */;
		};
/* End PBXTargetDependency section */

/* Begin XCBuildConfiguration section */
		5246123226372CE300481DE3 /* Debug */ = {
			isa = XCBuildConfiguration;
			buildSettings = {
				ALWAYS_SEARCH_USER_PATHS = NO;
				CLANG_ANALYZER_NONNULL = YES;
				CLANG_ANALYZER_NUMBER_OBJECT_CONVERSION = YES_AGGRESSIVE;
				CLANG_CXX_LANGUAGE_STANDARD = "gnu++14";
				CLANG_CXX_LIBRARY = "libc++";
				CLANG_ENABLE_MODULES = YES;
				CLANG_ENABLE_OBJC_ARC = YES;
				CLANG_ENABLE_OBJC_WEAK = YES;
				CLANG_WARN_BLOCK_CAPTURE_AUTORELEASING = YES;
				CLANG_WARN_BOOL_CONVERSION = YES;
				CLANG_WARN_COMMA = YES;
				CLANG_WARN_CONSTANT_CONVERSION = YES;
				CLANG_WARN_DEPRECATED_OBJC_IMPLEMENTATIONS = YES;
				CLANG_WARN_DIRECT_OBJC_ISA_USAGE = YES_ERROR;
				CLANG_WARN_DOCUMENTATION_COMMENTS = YES;
				CLANG_WARN_EMPTY_BODY = YES;
				CLANG_WARN_ENUM_CONVERSION = YES;
				CLANG_WARN_INFINITE_RECURSION = YES;
				CLANG_WARN_INT_CONVERSION = YES;
				CLANG_WARN_NON_LITERAL_NULL_CONVERSION = YES;
				CLANG_WARN_OBJC_IMPLICIT_RETAIN_SELF = YES;
				CLANG_WARN_OBJC_LITERAL_CONVERSION = YES;
				CLANG_WARN_OBJC_ROOT_CLASS = YES_ERROR;
				CLANG_WARN_QUOTED_INCLUDE_IN_FRAMEWORK_HEADER = YES;
				CLANG_WARN_RANGE_LOOP_ANALYSIS = YES;
				CLANG_WARN_STRICT_PROTOTYPES = YES;
				CLANG_WARN_SUSPICIOUS_MOVE = YES;
				CLANG_WARN_UNGUARDED_AVAILABILITY = YES_AGGRESSIVE;
				CLANG_WARN_UNREACHABLE_CODE = YES;
				CLANG_WARN__DUPLICATE_METHOD_MATCH = YES;
				COPY_PHASE_STRIP = NO;
				DEBUG_INFORMATION_FORMAT = dwarf;
				ENABLE_STRICT_OBJC_MSGSEND = YES;
				ENABLE_TESTABILITY = YES;
				GCC_C_LANGUAGE_STANDARD = gnu11;
				GCC_DYNAMIC_NO_PIC = NO;
				GCC_NO_COMMON_BLOCKS = YES;
				GCC_OPTIMIZATION_LEVEL = 0;
				GCC_PREPROCESSOR_DEFINITIONS = (
					"DEBUG=1",
					"$(inherited)",
				);
				GCC_WARN_64_TO_32_BIT_CONVERSION = YES;
				GCC_WARN_ABOUT_RETURN_TYPE = YES_ERROR;
				GCC_WARN_UNDECLARED_SELECTOR = YES;
				GCC_WARN_UNINITIALIZED_AUTOS = YES_AGGRESSIVE;
				GCC_WARN_UNUSED_FUNCTION = YES;
				GCC_WARN_UNUSED_VARIABLE = YES;
				IPHONEOS_DEPLOYMENT_TARGET = 14.4;
				MTL_ENABLE_DEBUG_INFO = INCLUDE_SOURCE;
				MTL_FAST_MATH = YES;
				ONLY_ACTIVE_ARCH = YES;
				SDKROOT = iphoneos;
				SWIFT_ACTIVE_COMPILATION_CONDITIONS = DEBUG;
				SWIFT_OPTIMIZATION_LEVEL = "-Onone";
			};
			name = Debug;
		};
		5246123326372CE300481DE3 /* Release */ = {
			isa = XCBuildConfiguration;
			buildSettings = {
				ALWAYS_SEARCH_USER_PATHS = NO;
				CLANG_ANALYZER_NONNULL = YES;
				CLANG_ANALYZER_NUMBER_OBJECT_CONVERSION = YES_AGGRESSIVE;
				CLANG_CXX_LANGUAGE_STANDARD = "gnu++14";
				CLANG_CXX_LIBRARY = "libc++";
				CLANG_ENABLE_MODULES = YES;
				CLANG_ENABLE_OBJC_ARC = YES;
				CLANG_ENABLE_OBJC_WEAK = YES;
				CLANG_WARN_BLOCK_CAPTURE_AUTORELEASING = YES;
				CLANG_WARN_BOOL_CONVERSION = YES;
				CLANG_WARN_COMMA = YES;
				CLANG_WARN_CONSTANT_CONVERSION = YES;
				CLANG_WARN_DEPRECATED_OBJC_IMPLEMENTATIONS = YES;
				CLANG_WARN_DIRECT_OBJC_ISA_USAGE = YES_ERROR;
				CLANG_WARN_DOCUMENTATION_COMMENTS = YES;
				CLANG_WARN_EMPTY_BODY = YES;
				CLANG_WARN_ENUM_CONVERSION = YES;
				CLANG_WARN_INFINITE_RECURSION = YES;
				CLANG_WARN_INT_CONVERSION = YES;
				CLANG_WARN_NON_LITERAL_NULL_CONVERSION = YES;
				CLANG_WARN_OBJC_IMPLICIT_RETAIN_SELF = YES;
				CLANG_WARN_OBJC_LITERAL_CONVERSION = YES;
				CLANG_WARN_OBJC_ROOT_CLASS = YES_ERROR;
				CLANG_WARN_QUOTED_INCLUDE_IN_FRAMEWORK_HEADER = YES;
				CLANG_WARN_RANGE_LOOP_ANALYSIS = YES;
				CLANG_WARN_STRICT_PROTOTYPES = YES;
				CLANG_WARN_SUSPICIOUS_MOVE = YES;
				CLANG_WARN_UNGUARDED_AVAILABILITY = YES_AGGRESSIVE;
				CLANG_WARN_UNREACHABLE_CODE = YES;
				CLANG_WARN__DUPLICATE_METHOD_MATCH = YES;
				COPY_PHASE_STRIP = NO;
				DEBUG_INFORMATION_FORMAT = "dwarf-with-dsym";
				ENABLE_NS_ASSERTIONS = NO;
				ENABLE_STRICT_OBJC_MSGSEND = YES;
				GCC_C_LANGUAGE_STANDARD = gnu11;
				GCC_NO_COMMON_BLOCKS = YES;
				GCC_WARN_64_TO_32_BIT_CONVERSION = YES;
				GCC_WARN_ABOUT_RETURN_TYPE = YES_ERROR;
				GCC_WARN_UNDECLARED_SELECTOR = YES;
				GCC_WARN_UNINITIALIZED_AUTOS = YES_AGGRESSIVE;
				GCC_WARN_UNUSED_FUNCTION = YES;
				GCC_WARN_UNUSED_VARIABLE = YES;
				IPHONEOS_DEPLOYMENT_TARGET = 14.4;
				MTL_ENABLE_DEBUG_INFO = NO;
				MTL_FAST_MATH = YES;
				SDKROOT = iphoneos;
				SWIFT_COMPILATION_MODE = wholemodule;
				SWIFT_OPTIMIZATION_LEVEL = "-O";
				VALIDATE_PRODUCT = YES;
			};
			name = Release;
		};
		5246123526372CE300481DE3 /* Debug */ = {
			isa = XCBuildConfiguration;
			buildSettings = {
				ASSETCATALOG_COMPILER_APPICON_NAME = AppIcon;
				ASSETCATALOG_COMPILER_GLOBAL_ACCENT_COLOR_NAME = AccentColor;
				CODE_SIGN_STYLE = Automatic;
				DEVELOPMENT_ASSET_PATHS = "\"fetchASeat/Preview Content\"";
				DEVELOPMENT_TEAM = 3PQWZJD8Z5;
				ENABLE_PREVIEWS = YES;
				INFOPLIST_FILE = fetchASeat/Info.plist;
				IPHONEOS_DEPLOYMENT_TARGET = 14.;
				LD_RUNPATH_SEARCH_PATHS = (
					"$(inherited)",
					"@executable_path/Frameworks",
				);
				MACOSX_DEPLOYMENT_TARGET = 14.4;
				PRODUCT_BUNDLE_IDENTIFIER = com.aaronpachesa.fetchASeat;
				PRODUCT_NAME = "$(TARGET_NAME)";
				SWIFT_VERSION = 5.0;
				TARGETED_DEVICE_FAMILY = "1,2";
			};
			name = Debug;
		};
		5246123626372CE300481DE3 /* Release */ = {
			isa = XCBuildConfiguration;
			buildSettings = {
				ASSETCATALOG_COMPILER_APPICON_NAME = AppIcon;
				ASSETCATALOG_COMPILER_GLOBAL_ACCENT_COLOR_NAME = AccentColor;
				CODE_SIGN_STYLE = Automatic;
				DEVELOPMENT_ASSET_PATHS = "\"fetchASeat/Preview Content\"";
				DEVELOPMENT_TEAM = 3PQWZJD8Z5;
				ENABLE_PREVIEWS = YES;
				INFOPLIST_FILE = fetchASeat/Info.plist;
				IPHONEOS_DEPLOYMENT_TARGET = 14.;
				LD_RUNPATH_SEARCH_PATHS = (
					"$(inherited)",
					"@executable_path/Frameworks",
				);
				MACOSX_DEPLOYMENT_TARGET = 14.4;
				PRODUCT_BUNDLE_IDENTIFIER = com.aaronpachesa.fetchASeat;
				PRODUCT_NAME = "$(TARGET_NAME)";
				SWIFT_VERSION = 5.0;
				TARGETED_DEVICE_FAMILY = "1,2";
			};
			name = Release;
		};
		5246123826372CE300481DE3 /* Debug */ = {
			isa = XCBuildConfiguration;
			buildSettings = {
				ALWAYS_EMBED_SWIFT_STANDARD_LIBRARIES = YES;
				BUNDLE_LOADER = "$(TEST_HOST)";
				CODE_SIGN_STYLE = Automatic;
				DEVELOPMENT_TEAM = 3PQWZJD8Z5;
				INFOPLIST_FILE = fetchASeatTests/Info.plist;
				IPHONEOS_DEPLOYMENT_TARGET = 14.0;
				LD_RUNPATH_SEARCH_PATHS = (
					"$(inherited)",
					"@executable_path/Frameworks",
					"@loader_path/Frameworks",
				);
				PRODUCT_BUNDLE_IDENTIFIER = com.aaronpachesa.fetchASeatTests;
				PRODUCT_NAME = "$(TARGET_NAME)";
				SWIFT_VERSION = 5.0;
				TARGETED_DEVICE_FAMILY = "1,2";
				TEST_HOST = "$(BUILT_PRODUCTS_DIR)/fetchASeat.app/fetchASeat";
			};
			name = Debug;
		};
		5246123926372CE300481DE3 /* Release */ = {
			isa = XCBuildConfiguration;
			buildSettings = {
				ALWAYS_EMBED_SWIFT_STANDARD_LIBRARIES = YES;
				BUNDLE_LOADER = "$(TEST_HOST)";
				CODE_SIGN_STYLE = Automatic;
				DEVELOPMENT_TEAM = 3PQWZJD8Z5;
				INFOPLIST_FILE = fetchASeatTests/Info.plist;
				IPHONEOS_DEPLOYMENT_TARGET = 14.0;
				LD_RUNPATH_SEARCH_PATHS = (
					"$(inherited)",
					"@executable_path/Frameworks",
					"@loader_path/Frameworks",
				);
				PRODUCT_BUNDLE_IDENTIFIER = com.aaronpachesa.fetchASeatTests;
				PRODUCT_NAME = "$(TARGET_NAME)";
				SWIFT_VERSION = 5.0;
				TARGETED_DEVICE_FAMILY = "1,2";
				TEST_HOST = "$(BUILT_PRODUCTS_DIR)/fetchASeat.app/fetchASeat";
			};
			name = Release;
		};
		5246123B26372CE300481DE3 /* Debug */ = {
			isa = XCBuildConfiguration;
			buildSettings = {
				ALWAYS_EMBED_SWIFT_STANDARD_LIBRARIES = YES;
				CODE_SIGN_STYLE = Automatic;
				DEVELOPMENT_TEAM = 3PQWZJD8Z5;
				INFOPLIST_FILE = fetchASeatUITests/Info.plist;
				LD_RUNPATH_SEARCH_PATHS = (
					"$(inherited)",
					"@executable_path/Frameworks",
					"@loader_path/Frameworks",
				);
				PRODUCT_BUNDLE_IDENTIFIER = com.aaronpachesa.fetchASeatUITests;
				PRODUCT_NAME = "$(TARGET_NAME)";
				SWIFT_VERSION = 5.0;
				TARGETED_DEVICE_FAMILY = "1,2";
				TEST_TARGET_NAME = fetchASeat;
			};
			name = Debug;
		};
		5246123C26372CE300481DE3 /* Release */ = {
			isa = XCBuildConfiguration;
			buildSettings = {
				ALWAYS_EMBED_SWIFT_STANDARD_LIBRARIES = YES;
				CODE_SIGN_STYLE = Automatic;
				DEVELOPMENT_TEAM = 3PQWZJD8Z5;
				INFOPLIST_FILE = fetchASeatUITests/Info.plist;
				LD_RUNPATH_SEARCH_PATHS = (
					"$(inherited)",
					"@executable_path/Frameworks",
					"@loader_path/Frameworks",
				);
				PRODUCT_BUNDLE_IDENTIFIER = com.aaronpachesa.fetchASeatUITests;
				PRODUCT_NAME = "$(TARGET_NAME)";
				SWIFT_VERSION = 5.0;
				TARGETED_DEVICE_FAMILY = "1,2";
				TEST_TARGET_NAME = fetchASeat;
			};
			name = Release;
		};
/* End XCBuildConfiguration section */

/* Begin XCConfigurationList section */
		5246120A26372CE200481DE3 /* Build configuration list for PBXProject "fetchASeat" */ = {
			isa = XCConfigurationList;
			buildConfigurations = (
				5246123226372CE300481DE3 /* Debug */,
				5246123326372CE300481DE3 /* Release */,
			);
			defaultConfigurationIsVisible = 0;
			defaultConfigurationName = Release;
		};
		5246123426372CE300481DE3 /* Build configuration list for PBXNativeTarget "fetchASeat" */ = {
			isa = XCConfigurationList;
			buildConfigurations = (
				5246123526372CE300481DE3 /* Debug */,
				5246123626372CE300481DE3 /* Release */,
			);
			defaultConfigurationIsVisible = 0;
			defaultConfigurationName = Release;
		};
		5246123726372CE300481DE3 /* Build configuration list for PBXNativeTarget "fetchASeatTests" */ = {
			isa = XCConfigurationList;
			buildConfigurations = (
				5246123826372CE300481DE3 /* Debug */,
				5246123926372CE300481DE3 /* Release */,
			);
			defaultConfigurationIsVisible = 0;
			defaultConfigurationName = Release;
		};
		5246123A26372CE300481DE3 /* Build configuration list for PBXNativeTarget "fetchASeatUITests" */ = {
			isa = XCConfigurationList;
			buildConfigurations = (
				5246123B26372CE300481DE3 /* Debug */,
				5246123C26372CE300481DE3 /* Release */,
			);
			defaultConfigurationIsVisible = 0;
			defaultConfigurationName = Release;
		};
/* End XCConfigurationList section */
	};
	rootObject = 5246120726372CE200481DE3 /* Project object */;
}
