// !$*UTF8*$!
{
	archiveVersion = 1;
	classes = {
	};
	objectVersion = 50;
	objects = {

/* Begin PBXBuildFile section */
		5246121326372CE200481DE3 /* fetchASeatApp.swift in Sources */ = {isa = PBXBuildFile; fileRef = 5246121226372CE200481DE3 /* fetchASeatApp.swift */; };
		5246121526372CE200481DE3 /* MainView.swift in Sources */ = {isa = PBXBuildFile; fileRef = 5246121426372CE200481DE3 /* MainView.swift */; };
		5246121726372CE200481DE3 /* Assets.xcassets in Resources */ = {isa = PBXBuildFile; fileRef = 5246121626372CE200481DE3 /* Assets.xcassets */; };
		5246121A26372CE200481DE3 /* Preview Assets.xcassets in Resources */ = {isa = PBXBuildFile; fileRef = 5246121926372CE200481DE3 /* Preview Assets.xcassets */; };
		526E34D1263AFF0600EF3D3F /* DetailView.swift in Sources */ = {isa = PBXBuildFile; fileRef = 526E34D0263AFF0600EF3D3F /* DetailView.swift */; };
		5292B63D2641F95000FA59AA /* ViewModel.swift in Sources */ = {isa = PBXBuildFile; fileRef = 5292B63C2641F95000FA59AA /* ViewModel.swift */; };
		5292B63F26459BC500FA59AA /* Model.swift in Sources */ = {isa = PBXBuildFile; fileRef = 5292B63E26459BC400FA59AA /* Model.swift */; };
		5292B6422649D06100FA59AA /* UserDefaults.swift in Sources */ = {isa = PBXBuildFile; fileRef = 5292B6412649D06100FA59AA /* UserDefaults.swift */; };
		5292B6442649D0B200FA59AA /* SeatGeekNotes.swift in Sources */ = {isa = PBXBuildFile; fileRef = 5292B6432649D0B200FA59AA /* SeatGeekNotes.swift */; };
/* End PBXBuildFile section */

/* Begin PBXFileReference section */
		5246120F26372CE200481DE3 /* fetchASeat.app */ = {isa = PBXFileReference; explicitFileType = wrapper.application; includeInIndex = 0; path = fetchASeat.app; sourceTree = BUILT_PRODUCTS_DIR; };
		5246121226372CE200481DE3 /* fetchASeatApp.swift */ = {isa = PBXFileReference; lastKnownFileType = sourcecode.swift; path = fetchASeatApp.swift; sourceTree = "<group>"; };
		5246121426372CE200481DE3 /* MainView.swift */ = {isa = PBXFileReference; lastKnownFileType = sourcecode.swift; path = MainView.swift; sourceTree = "<group>"; };
		5246121626372CE200481DE3 /* Assets.xcassets */ = {isa = PBXFileReference; lastKnownFileType = folder.assetcatalog; path = Assets.xcassets; sourceTree = "<group>"; };
		5246121926372CE200481DE3 /* Preview Assets.xcassets */ = {isa = PBXFileReference; lastKnownFileType = folder.assetcatalog; path = "Preview Assets.xcassets"; sourceTree = "<group>"; };
		5246121B26372CE200481DE3 /* Info.plist */ = {isa = PBXFileReference; lastKnownFileType = text.plist.xml; path = Info.plist; sourceTree = "<group>"; };
		526E34D0263AFF0600EF3D3F /* DetailView.swift */ = {isa = PBXFileReference; lastKnownFileType = sourcecode.swift; path = DetailView.swift; sourceTree = "<group>"; };
		5292B63C2641F95000FA59AA /* ViewModel.swift */ = {isa = PBXFileReference; lastKnownFileType = sourcecode.swift; path = ViewModel.swift; sourceTree = "<group>"; };
		5292B63E26459BC400FA59AA /* Model.swift */ = {isa = PBXFileReference; lastKnownFileType = sourcecode.swift; path = Model.swift; sourceTree = "<group>"; };
		5292B6412649D06100FA59AA /* UserDefaults.swift */ = {isa = PBXFileReference; lastKnownFileType = sourcecode.swift; path = UserDefaults.swift; sourceTree = "<group>"; };
		5292B6432649D0B200FA59AA /* SeatGeekNotes.swift */ = {isa = PBXFileReference; lastKnownFileType = sourcecode.swift; path = SeatGeekNotes.swift; sourceTree = "<group>"; };
/* End PBXFileReference section */

/* Begin PBXFrameworksBuildPhase section */
		5246120C26372CE200481DE3 /* Frameworks */ = {
			isa = PBXFrameworksBuildPhase;
			buildActionMask = 2147483647;
			files = (
			);
			runOnlyForDeploymentPostprocessing = 0;
		};
/* End PBXFrameworksBuildPhase section */

/* Begin PBXGroup section */
		5246120626372CE200481DE3 = {
			isa = PBXGroup;
			children = (
				5246121126372CE200481DE3 /* fetchASeat */,
				5246121026372CE200481DE3 /* Products */,
			);
			sourceTree = "<group>";
		};
		5246121026372CE200481DE3 /* Products */ = {
			isa = PBXGroup;
			children = (
				5246120F26372CE200481DE3 /* fetchASeat.app */,
			);
			name = Products;
			sourceTree = "<group>";
		};
		5246121126372CE200481DE3 /* fetchASeat */ = {
			isa = PBXGroup;
			children = (
				5246121226372CE200481DE3 /* fetchASeatApp.swift */,
				5292B640264715E200FA59AA /* View */,
				5292B63C2641F95000FA59AA /* ViewModel.swift */,
				5292B63E26459BC400FA59AA /* Model.swift */,
				5292B6412649D06100FA59AA /* UserDefaults.swift */,
				5292B6432649D0B200FA59AA /* SeatGeekNotes.swift */,
				5246121626372CE200481DE3 /* Assets.xcassets */,
				5246121B26372CE200481DE3 /* Info.plist */,
				5246121826372CE200481DE3 /* Preview Content */,
			);
			path = fetchASeat;
			sourceTree = "<group>";
		};
		5246121826372CE200481DE3 /* Preview Content */ = {
			isa = PBXGroup;
			children = (
				5246121926372CE200481DE3 /* Preview Assets.xcassets */,
			);
			path = "Preview Content";
			sourceTree = "<group>";
		};
		5292B640264715E200FA59AA /* View */ = {
			isa = PBXGroup;
			children = (
				5246121426372CE200481DE3 /* MainView.swift */,
				526E34D0263AFF0600EF3D3F /* DetailView.swift */,
			);
			path = View;
			sourceTree = "<group>";
		};
/* End PBXGroup section */

/* Begin PBXNativeTarget section */
		5246120E26372CE200481DE3 /* fetchASeat */ = {
			isa = PBXNativeTarget;
			buildConfigurationList = 5246123426372CE300481DE3 /* Build configuration list for PBXNativeTarget "fetchASeat" */;
			buildPhases = (
				5246120B26372CE200481DE3 /* Sources */,
				5246120C26372CE200481DE3 /* Frameworks */,
				5246120D26372CE200481DE3 /* Resources */,
			);
			buildRules = (
			);
			dependencies = (
			);
			name = fetchASeat;
			productName = fetchASeat;
			productReference = 5246120F26372CE200481DE3 /* fetchASeat.app */;
			productType = "com.apple.product-type.application";
		};
/* End PBXNativeTarget section */

/* Begin PBXProject section */
		5246120726372CE200481DE3 /* Project object */ = {
			isa = PBXProject;
			attributes = {
				LastSwiftUpdateCheck = 1240;
				LastUpgradeCheck = 1240;
				TargetAttributes = {
					5246120E26372CE200481DE3 = {
						CreatedOnToolsVersion = 12.4;
					};
				};
			};
			buildConfigurationList = 5246120A26372CE200481DE3 /* Build configuration list for PBXProject "fetchASeat" */;
			compatibilityVersion = "Xcode 9.3";
			developmentRegion = en;
			hasScannedForEncodings = 0;
			knownRegions = (
				en,
				Base,
			);
			mainGroup = 5246120626372CE200481DE3;
			productRefGroup = 5246121026372CE200481DE3 /* Products */;
			projectDirPath = "";
			projectRoot = "";
			targets = (
				5246120E26372CE200481DE3 /* fetchASeat */,
			);
		};
/* End PBXProject section */

/* Begin PBXResourcesBuildPhase section */
		5246120D26372CE200481DE3 /* Resources */ = {
			isa = PBXResourcesBuildPhase;
			buildActionMask = 2147483647;
			files = (
				5246121A26372CE200481DE3 /* Preview Assets.xcassets in Resources */,
				5246121726372CE200481DE3 /* Assets.xcassets in Resources */,
			);
			runOnlyForDeploymentPostprocessing = 0;
		};
/* End PBXResourcesBuildPhase section */

/* Begin PBXSourcesBuildPhase section */
		5246120B26372CE200481DE3 /* Sources */ = {
			isa = PBXSourcesBuildPhase;
			buildActionMask = 2147483647;
			files = (
				5292B6442649D0B200FA59AA /* SeatGeekNotes.swift in Sources */,
				5292B63F26459BC500FA59AA /* Model.swift in Sources */,
				5246121526372CE200481DE3 /* MainView.swift in Sources */,
				5292B6422649D06100FA59AA /* UserDefaults.swift in Sources */,
				526E34D1263AFF0600EF3D3F /* DetailView.swift in Sources */,
				5292B63D2641F95000FA59AA /* ViewModel.swift in Sources */,
				5246121326372CE200481DE3 /* fetchASeatApp.swift in Sources */,
			);
			runOnlyForDeploymentPostprocessing = 0;
		};
/* End PBXSourcesBuildPhase section */

/* Begin XCBuildConfiguration section */
		5246123226372CE300481DE3 /* Debug */ = {
			isa = XCBuildConfiguration;
			buildSettings = {
				ALWAYS_SEARCH_USER_PATHS = NO;
				CLANG_ANALYZER_NONNULL = YES;
				CLANG_ANALYZER_NUMBER_OBJECT_CONVERSION = YES_AGGRESSIVE;
				CLANG_CXX_LANGUAGE_STANDARD = "gnu++14";
				CLANG_CXX_LIBRARY = "libc++";
				CLANG_ENABLE_MODULES = YES;
				CLANG_ENABLE_OBJC_ARC = YES;
				CLANG_ENABLE_OBJC_WEAK = YES;
				CLANG_WARN_BLOCK_CAPTURE_AUTORELEASING = YES;
				CLANG_WARN_BOOL_CONVERSION = YES;
				CLANG_WARN_COMMA = YES;
				CLANG_WARN_CONSTANT_CONVERSION = YES;
				CLANG_WARN_DEPRECATED_OBJC_IMPLEMENTATIONS = YES;
				CLANG_WARN_DIRECT_OBJC_ISA_USAGE = YES_ERROR;
				CLANG_WARN_DOCUMENTATION_COMMENTS = YES;
				CLANG_WARN_EMPTY_BODY = YES;
				CLANG_WARN_ENUM_CONVERSION = YES;
				CLANG_WARN_INFINITE_RECURSION = YES;
				CLANG_WARN_INT_CONVERSION = YES;
				CLANG_WARN_NON_LITERAL_NULL_CONVERSION = YES;
				CLANG_WARN_OBJC_IMPLICIT_RETAIN_SELF = YES;
				CLANG_WARN_OBJC_LITERAL_CONVERSION = YES;
				CLANG_WARN_OBJC_ROOT_CLASS = YES_ERROR;
				CLANG_WARN_QUOTED_INCLUDE_IN_FRAMEWORK_HEADER = YES;
				CLANG_WARN_RANGE_LOOP_ANALYSIS = YES;
				CLANG_WARN_STRICT_PROTOTYPES = YES;
				CLANG_WARN_SUSPICIOUS_MOVE = YES;
				CLANG_WARN_UNGUARDED_AVAILABILITY = YES_AGGRESSIVE;
				CLANG_WARN_UNREACHABLE_CODE = YES;
				CLANG_WARN__DUPLICATE_METHOD_MATCH = YES;
				COPY_PHASE_STRIP = NO;
				DEBUG_INFORMATION_FORMAT = dwarf;
				ENABLE_STRICT_OBJC_MSGSEND = YES;
				ENABLE_TESTABILITY = YES;
				GCC_C_LANGUAGE_STANDARD = gnu11;
				GCC_DYNAMIC_NO_PIC = NO;
				GCC_NO_COMMON_BLOCKS = YES;
				GCC_OPTIMIZATION_LEVEL = 0;
				GCC_PREPROCESSOR_DEFINITIONS = (
					"DEBUG=1",
					"$(inherited)",
				);
				GCC_WARN_64_TO_32_BIT_CONVERSION = YES;
				GCC_WARN_ABOUT_RETURN_TYPE = YES_ERROR;
				GCC_WARN_UNDECLARED_SELECTOR = YES;
				GCC_WARN_UNINITIALIZED_AUTOS = YES_AGGRESSIVE;
				GCC_WARN_UNUSED_FUNCTION = YES;
				GCC_WARN_UNUSED_VARIABLE = YES;
				IPHONEOS_DEPLOYMENT_TARGET = 14.4;
				MTL_ENABLE_DEBUG_INFO = INCLUDE_SOURCE;
				MTL_FAST_MATH = YES;
				ONLY_ACTIVE_ARCH = YES;
				SDKROOT = iphoneos;
				SWIFT_ACTIVE_COMPILATION_CONDITIONS = DEBUG;
				SWIFT_OPTIMIZATION_LEVEL = "-Onone";
			};
			name = Debug;
		};
		5246123326372CE300481DE3 /* Release */ = {
			isa = XCBuildConfiguration;
			buildSettings = {
				ALWAYS_SEARCH_USER_PATHS = NO;
				CLANG_ANALYZER_NONNULL = YES;
				CLANG_ANALYZER_NUMBER_OBJECT_CONVERSION = YES_AGGRESSIVE;
				CLANG_CXX_LANGUAGE_STANDARD = "gnu++14";
				CLANG_CXX_LIBRARY = "libc++";
				CLANG_ENABLE_MODULES = YES;
				CLANG_ENABLE_OBJC_ARC = YES;
				CLANG_ENABLE_OBJC_WEAK = YES;
				CLANG_WARN_BLOCK_CAPTURE_AUTORELEASING = YES;
				CLANG_WARN_BOOL_CONVERSION = YES;
				CLANG_WARN_COMMA = YES;
				CLANG_WARN_CONSTANT_CONVERSION = YES;
				CLANG_WARN_DEPRECATED_OBJC_IMPLEMENTATIONS = YES;
				CLANG_WARN_DIRECT_OBJC_ISA_USAGE = YES_ERROR;
				CLANG_WARN_DOCUMENTATION_COMMENTS = YES;
				CLANG_WARN_EMPTY_BODY = YES;
				CLANG_WARN_ENUM_CONVERSION = YES;
				CLANG_WARN_INFINITE_RECURSION = YES;
				CLANG_WARN_INT_CONVERSION = YES;
				CLANG_WARN_NON_LITERAL_NULL_CONVERSION = YES;
				CLANG_WARN_OBJC_IMPLICIT_RETAIN_SELF = YES;
				CLANG_WARN_OBJC_LITERAL_CONVERSION = YES;
				CLANG_WARN_OBJC_ROOT_CLASS = YES_ERROR;
				CLANG_WARN_QUOTED_INCLUDE_IN_FRAMEWORK_HEADER = YES;
				CLANG_WARN_RANGE_LOOP_ANALYSIS = YES;
				CLANG_WARN_STRICT_PROTOTYPES = YES;
				CLANG_WARN_SUSPICIOUS_MOVE = YES;
				CLANG_WARN_UNGUARDED_AVAILABILITY = YES_AGGRESSIVE;
				CLANG_WARN_UNREACHABLE_CODE = YES;
				CLANG_WARN__DUPLICATE_METHOD_MATCH = YES;
				COPY_PHASE_STRIP = NO;
				DEBUG_INFORMATION_FORMAT = "dwarf-with-dsym";
				ENABLE_NS_ASSERTIONS = NO;
				ENABLE_STRICT_OBJC_MSGSEND = YES;
				GCC_C_LANGUAGE_STANDARD = gnu11;
				GCC_NO_COMMON_BLOCKS = YES;
				GCC_WARN_64_TO_32_BIT_CONVERSION = YES;
				GCC_WARN_ABOUT_RETURN_TYPE = YES_ERROR;
				GCC_WARN_UNDECLARED_SELECTOR = YES;
				GCC_WARN_UNINITIALIZED_AUTOS = YES_AGGRESSIVE;
				GCC_WARN_UNUSED_FUNCTION = YES;
				GCC_WARN_UNUSED_VARIABLE = YES;
				IPHONEOS_DEPLOYMENT_TARGET = 14.4;
				MTL_ENABLE_DEBUG_INFO = NO;
				MTL_FAST_MATH = YES;
				SDKROOT = iphoneos;
				SWIFT_COMPILATION_MODE = wholemodule;
				SWIFT_OPTIMIZATION_LEVEL = "-O";
				VALIDATE_PRODUCT = YES;
			};
			name = Release;
		};
		5246123526372CE300481DE3 /* Debug */ = {
			isa = XCBuildConfiguration;
			buildSettings = {
				ASSETCATALOG_COMPILER_APPICON_NAME = AppIcon;
				ASSETCATALOG_COMPILER_GLOBAL_ACCENT_COLOR_NAME = AccentColor;
				CODE_SIGN_STYLE = Automatic;
				DEVELOPMENT_ASSET_PATHS = "\"fetchASeat/Preview Content\"";
				DEVELOPMENT_TEAM = 3PQWZJD8Z5;
				ENABLE_PREVIEWS = YES;
				INFOPLIST_FILE = fetchASeat/Info.plist;
				IPHONEOS_DEPLOYMENT_TARGET = 14.;
				LD_RUNPATH_SEARCH_PATHS = (
					"$(inherited)",
					"@executable_path/Frameworks",
				);
				MACOSX_DEPLOYMENT_TARGET = 14.4;
				PRODUCT_BUNDLE_IDENTIFIER = com.aaronpachesa.fetchASeat;
				PRODUCT_NAME = "$(TARGET_NAME)";
				SWIFT_VERSION = 5.0;
				TARGETED_DEVICE_FAMILY = "1,2";
			};
			name = Debug;
		};
		5246123626372CE300481DE3 /* Release */ = {
			isa = XCBuildConfiguration;
			buildSettings = {
				ASSETCATALOG_COMPILER_APPICON_NAME = AppIcon;
				ASSETCATALOG_COMPILER_GLOBAL_ACCENT_COLOR_NAME = AccentColor;
				CODE_SIGN_STYLE = Automatic;
				DEVELOPMENT_ASSET_PATHS = "\"fetchASeat/Preview Content\"";
				DEVELOPMENT_TEAM = 3PQWZJD8Z5;
				ENABLE_PREVIEWS = YES;
				INFOPLIST_FILE = fetchASeat/Info.plist;
				IPHONEOS_DEPLOYMENT_TARGET = 14.;
				LD_RUNPATH_SEARCH_PATHS = (
					"$(inherited)",
					"@executable_path/Frameworks",
				);
				MACOSX_DEPLOYMENT_TARGET = 14.4;
				PRODUCT_BUNDLE_IDENTIFIER = com.aaronpachesa.fetchASeat;
				PRODUCT_NAME = "$(TARGET_NAME)";
				SWIFT_VERSION = 5.0;
				TARGETED_DEVICE_FAMILY = "1,2";
			};
			name = Release;
		};
/* End XCBuildConfiguration section */

/* Begin XCConfigurationList section */
		5246120A26372CE200481DE3 /* Build configuration list for PBXProject "fetchASeat" */ = {
			isa = XCConfigurationList;
			buildConfigurations = (
				5246123226372CE300481DE3 /* Debug */,
				5246123326372CE300481DE3 /* Release */,
			);
			defaultConfigurationIsVisible = 0;
			defaultConfigurationName = Release;
		};
		5246123426372CE300481DE3 /* Build configuration list for PBXNativeTarget "fetchASeat" */ = {
			isa = XCConfigurationList;
			buildConfigurations = (
				5246123526372CE300481DE3 /* Debug */,
				5246123626372CE300481DE3 /* Release */,
			);
			defaultConfigurationIsVisible = 0;
			defaultConfigurationName = Release;
		};
/* End XCConfigurationList section */
	};
	rootObject = 5246120726372CE200481DE3 /* Project object */;
}
